
Microsoft Visual Studio Solution File, Format Version 12.00
# Visual Studio 2012
Project("{8BC9CEB8-8B4A-11D0-8D11-00A0C91BC942}") = "Wrapper", "Wrapper\Wrapper.vcxproj", "{612AA9C1-09A9-4BD4-BD3F-D93620D3700E}"
EndProject
Project("{FAE04EC0-301F-11D3-BF4B-00C04F79EFBC}") = "RainmeterAPI", "RainmeterAPI\RainmeterAPI.csproj", "{6EC6ED93-32C4-41A3-9F17-E1BAE6899CEC}"
EndProject
Project("{FAE04EC0-301F-11D3-BF4B-00C04F79EFBC}") = "Plugin", "Plugin\Plugin.csproj", "{5EBA00E3-B3FC-4D4F-A1CB-52BD0004F0D8}"
EndProject
Global
	GlobalSection(SolutionConfigurationPlatforms) = preSolution
		Debug|Any CPU = Debug|Any CPU
		Debug|Mixed Platforms = Debug|Mixed Platforms
		Debug|x64 = Debug|x64
		Debug|x86 = Debug|x86
		Release|Any CPU = Release|Any CPU
		Release|Mixed Platforms = Release|Mixed Platforms
		Release|x64 = Release|x64
		Release|x86 = Release|x86
	EndGlobalSection
	GlobalSection(ProjectConfigurationPlatforms) = postSolution
		{612AA9C1-09A9-4BD4-BD3F-D93620D3700E}.Debug|Any CPU.ActiveCfg = Debug|Win32
		{612AA9C1-09A9-4BD4-BD3F-D93620D3700E}.Debug|Mixed Platforms.ActiveCfg = Debug|Win32
		{612AA9C1-09A9-4BD4-BD3F-D93620D3700E}.Debug|Mixed Platforms.Build.0 = Debug|Win32
		{612AA9C1-09A9-4BD4-BD3F-D93620D3700E}.Debug|x64.ActiveCfg = Debug|x64
		{612AA9C1-09A9-4BD4-BD3F-D93620D3700E}.Debug|x64.Build.0 = Debug|x64
		{612AA9C1-09A9-4BD4-BD3F-D93620D3700E}.Debug|x86.ActiveCfg = Debug|Win32
		{612AA9C1-09A9-4BD4-BD3F-D93620D3700E}.Debug|x86.Build.0 = Debug|Win32
		{612AA9C1-09A9-4BD4-BD3F-D93620D3700E}.Release|Any CPU.ActiveCfg = Release|Win32
		{612AA9C1-09A9-4BD4-BD3F-D93620D3700E}.Release|Mixed Platforms.ActiveCfg = Release|Win32
		{612AA9C1-09A9-4BD4-BD3F-D93620D3700E}.Release|Mixed Platforms.Build.0 = Release|Win32
		{612AA9C1-09A9-4BD4-BD3F-D93620D3700E}.Release|x64.ActiveCfg = Release|x64
		{612AA9C1-09A9-4BD4-BD3F-D93620D3700E}.Release|x64.Build.0 = Release|x64
		{612AA9C1-09A9-4BD4-BD3F-D93620D3700E}.Release|x86.ActiveCfg = Release|Win32
		{612AA9C1-09A9-4BD4-BD3F-D93620D3700E}.Release|x86.Build.0 = Release|Win32
		{6EC6ED93-32C4-41A3-9F17-E1BAE6899CEC}.Debug|Any CPU.ActiveCfg = Debug|x86
		{6EC6ED93-32C4-41A3-9F17-E1BAE6899CEC}.Debug|Mixed Platforms.ActiveCfg = Debug|x86
		{6EC6ED93-32C4-41A3-9F17-E1BAE6899CEC}.Debug|Mixed Platforms.Build.0 = Debug|x86
		{6EC6ED93-32C4-41A3-9F17-E1BAE6899CEC}.Debug|x64.ActiveCfg = Debug|x64
		{6EC6ED93-32C4-41A3-9F17-E1BAE6899CEC}.Debug|x64.Build.0 = Debug|x64
		{6EC6ED93-32C4-41A3-9F17-E1BAE6899CEC}.Debug|x86.ActiveCfg = Debug|x86
		{6EC6ED93-32C4-41A3-9F17-E1BAE6899CEC}.Debug|x86.Build.0 = Debug|x86
		{6EC6ED93-32C4-41A3-9F17-E1BAE6899CEC}.Release|Any CPU.ActiveCfg = Release|x86
		{6EC6ED93-32C4-41A3-9F17-E1BAE6899CEC}.Release|Mixed Platforms.ActiveCfg = Release|x86
		{6EC6ED93-32C4-41A3-9F17-E1BAE6899CEC}.Release|Mixed Platforms.Build.0 = Release|x86
		{6EC6ED93-32C4-41A3-9F17-E1BAE6899CEC}.Release|x64.ActiveCfg = Release|x64
		{6EC6ED93-32C4-41A3-9F17-E1BAE6899CEC}.Release|x64.Build.0 = Release|x64
		{6EC6ED93-32C4-41A3-9F17-E1BAE6899CEC}.Release|x86.ActiveCfg = Release|x86
		{6EC6ED93-32C4-41A3-9F17-E1BAE6899CEC}.Release|x86.Build.0 = Release|x86
		{5EBA00E3-B3FC-4D4F-A1CB-52BD0004F0D8}.Debug|Any CPU.ActiveCfg = Debug|x86
		{5EBA00E3-B3FC-4D4F-A1CB-52BD0004F0D8}.Debug|Mixed Platforms.ActiveCfg = Debug|x86
		{5EBA00E3-B3FC-4D4F-A1CB-52BD0004F0D8}.Debug|Mixed Platforms.Build.0 = Debug|x86
		{5EBA00E3-B3FC-4D4F-A1CB-52BD0004F0D8}.Debug|x64.ActiveCfg = Debug|x64
		{5EBA00E3-B3FC-4D4F-A1CB-52BD0004F0D8}.Debug|x64.Build.0 = Debug|x64
		{5EBA00E3-B3FC-4D4F-A1CB-52BD0004F0D8}.Debug|x86.ActiveCfg = Debug|x86
		{5EBA00E3-B3FC-4D4F-A1CB-52BD0004F0D8}.Debug|x86.Build.0 = Debug|x86
		{5EBA00E3-B3FC-4D4F-A1CB-52BD0004F0D8}.Release|Any CPU.ActiveCfg = Release|x86
		{5EBA00E3-B3FC-4D4F-A1CB-52BD0004F0D8}.Release|Mixed Platforms.ActiveCfg = Release|x86
		{5EBA00E3-B3FC-4D4F-A1CB-52BD0004F0D8}.Release|Mixed Platforms.Build.0 = Release|x86
		{5EBA00E3-B3FC-4D4F-A1CB-52BD0004F0D8}.Release|x64.ActiveCfg = Release|x64
		{5EBA00E3-B3FC-4D4F-A1CB-52BD0004F0D8}.Release|x64.Build.0 = Release|x64
		{5EBA00E3-B3FC-4D4F-A1CB-52BD0004F0D8}.Release|x86.ActiveCfg = Release|x86
		{5EBA00E3-B3FC-4D4F-A1CB-52BD0004F0D8}.Release|x86.Build.0 = Release|x86
	EndGlobalSection
	GlobalSection(SolutionProperties) = preSolution
		HideSolutionNode = FALSE
	EndGlobalSection
EndGlobal
